
Microsoft Visual Studio Solution File, Format Version 12.00
# Visual Studio Version 17
VisualStudioVersion = 17.7.34024.191
MinimumVisualStudioVersion = 10.0.40219.1
Project("{FAE04EC0-301F-11D3-BF4B-00C04F79EFBC}") = "MySerializer.Console", "MySerializer.Console\MySerializer.Console.csproj", "{C394793A-1A4C-4E13-BECE-610086C87A68}"
EndProject
Project("{FAE04EC0-301F-11D3-BF4B-00C04F79EFBC}") = "MySerializer.Serializer", "MySerializer.Serializer\MySerializer.Serializer.csproj", "{0567407B-55C3-4A34-B5C2-77CF3DDE4E5B}"
EndProject
Global
	GlobalSection(SolutionConfigurationPlatforms) = preSolution
		Debug|Any CPU = Debug|Any CPU
		Release|Any CPU = Release|Any CPU
	EndGlobalSection
	GlobalSection(ProjectConfigurationPlatforms) = postSolution
		{C394793A-1A4C-4E13-BECE-610086C87A68}.Debug|Any CPU.ActiveCfg = Debug|Any CPU
		{C394793A-1A4C-4E13-BECE-610086C87A68}.Debug|Any CPU.Build.0 = Debug|Any CPU
		{C394793A-1A4C-4E13-BECE-610086C87A68}.Release|Any CPU.ActiveCfg = Release|Any CPU
		{C394793A-1A4C-4E13-BECE-610086C87A68}.Release|Any CPU.Build.0 = Release|Any CPU
		{0567407B-55C3-4A34-B5C2-77CF3DDE4E5B}.Debug|Any CPU.ActiveCfg = Debug|Any CPU
		{0567407B-55C3-4A34-B5C2-77CF3DDE4E5B}.Debug|Any CPU.Build.0 = Debug|Any CPU
		{0567407B-55C3-4A34-B5C2-77CF3DDE4E5B}.Release|Any CPU.ActiveCfg = Release|Any CPU
		{0567407B-55C3-4A34-B5C2-77CF3DDE4E5B}.Release|Any CPU.Build.0 = Release|Any CPU
	EndGlobalSection
	GlobalSection(SolutionProperties) = preSolution
		HideSolutionNode = FALSE
	EndGlobalSection
	GlobalSection(ExtensibilityGlobals) = postSolution
		SolutionGuid = {17A3A2F5-079B-465F-9EBA-09D96A009EE1}
	EndGlobalSection
EndGlobal
